// !$*UTF8*$!
{
	archiveVersion = 1;
	classes = {
	};
	objectVersion = 50;
	objects = {

/* Begin PBXBuildFile section */
		DC05017724A3DC45006E50A1 /* AppDelegate.swift in Sources */ = {isa = PBXBuildFile; fileRef = DC05017624A3DC45006E50A1 /* AppDelegate.swift */; };
		DC05017924A3DC45006E50A1 /* ViewController.swift in Sources */ = {isa = PBXBuildFile; fileRef = DC05017824A3DC45006E50A1 /* ViewController.swift */; };
		DC05017C24A3DC45006E50A1 /* Main.storyboard in Resources */ = {isa = PBXBuildFile; fileRef = DC05017A24A3DC45006E50A1 /* Main.storyboard */; };
		DC05017E24A3DC51006E50A1 /* Assets.xcassets in Resources */ = {isa = PBXBuildFile; fileRef = DC05017D24A3DC51006E50A1 /* Assets.xcassets */; };
		DC05018124A3DC51006E50A1 /* LaunchScreen.storyboard in Resources */ = {isa = PBXBuildFile; fileRef = DC05017F24A3DC51006E50A1 /* LaunchScreen.storyboard */; };
		DC7D098324BF3C4400C935B1 /* DetailViewController.swift in Sources */ = {isa = PBXBuildFile; fileRef = DC7D098224BF3C4400C935B1 /* DetailViewController.swift */; };
		DC9EB73724AD234400CF17F6 /* PlanetaCell.swift in Sources */ = {isa = PBXBuildFile; fileRef = DC9EB73624AD234400CF17F6 /* PlanetaCell.swift */; };
/* End PBXBuildFile section */

/* Begin PBXFileReference section */
		DC05017324A3DC45006E50A1 /* AulaPratica.app */ = {isa = PBXFileReference; explicitFileType = wrapper.application; includeInIndex = 0; path = AulaPratica.app; sourceTree = BUILT_PRODUCTS_DIR; };
		DC05017624A3DC45006E50A1 /* AppDelegate.swift */ = {isa = PBXFileReference; lastKnownFileType = sourcecode.swift; path = AppDelegate.swift; sourceTree = "<group>"; };
		DC05017824A3DC45006E50A1 /* ViewController.swift */ = {isa = PBXFileReference; lastKnownFileType = sourcecode.swift; path = ViewController.swift; sourceTree = "<group>"; };
		DC05017B24A3DC45006E50A1 /* Base */ = {isa = PBXFileReference; lastKnownFileType = file.storyboard; name = Base; path = Base.lproj/Main.storyboard; sourceTree = "<group>"; };
		DC05017D24A3DC51006E50A1 /* Assets.xcassets */ = {isa = PBXFileReference; lastKnownFileType = folder.assetcatalog; path = Assets.xcassets; sourceTree = "<group>"; };
		DC05018024A3DC51006E50A1 /* Base */ = {isa = PBXFileReference; lastKnownFileType = file.storyboard; name = Base; path = Base.lproj/LaunchScreen.storyboard; sourceTree = "<group>"; };
		DC05018224A3DC51006E50A1 /* Info.plist */ = {isa = PBXFileReference; lastKnownFileType = text.plist.xml; path = Info.plist; sourceTree = "<group>"; };
		DC7D098224BF3C4400C935B1 /* DetailViewController.swift */ = {isa = PBXFileReference; lastKnownFileType = sourcecode.swift; path = DetailViewController.swift; sourceTree = "<group>"; };
		DC9EB73624AD234400CF17F6 /* PlanetaCell.swift */ = {isa = PBXFileReference; lastKnownFileType = sourcecode.swift; path = PlanetaCell.swift; sourceTree = "<group>"; };
/* End PBXFileReference section */

/* Begin PBXFrameworksBuildPhase section */
		DC05017024A3DC45006E50A1 /* Frameworks */ = {
			isa = PBXFrameworksBuildPhase;
			buildActionMask = 2147483647;
			files = (
			);
			runOnlyForDeploymentPostprocessing = 0;
		};
/* End PBXFrameworksBuildPhase section */

/* Begin PBXGroup section */
		DC05016A24A3DC44006E50A1 = {
			isa = PBXGroup;
			children = (
				DC05017524A3DC45006E50A1 /* AulaPratica */,
				DC05017424A3DC45006E50A1 /* Products */,
			);
			sourceTree = "<group>";
		};
		DC05017424A3DC45006E50A1 /* Products */ = {
			isa = PBXGroup;
			children = (
				DC05017324A3DC45006E50A1 /* AulaPratica.app */,
			);
			name = Products;
			sourceTree = "<group>";
		};
		DC05017524A3DC45006E50A1 /* AulaPratica */ = {
			isa = PBXGroup;
			children = (
				DC05017624A3DC45006E50A1 /* AppDelegate.swift */,
				DC05017824A3DC45006E50A1 /* ViewController.swift */,
				DC05017A24A3DC45006E50A1 /* Main.storyboard */,
				DC05017D24A3DC51006E50A1 /* Assets.xcassets */,
				DC05017F24A3DC51006E50A1 /* LaunchScreen.storyboard */,
				DC05018224A3DC51006E50A1 /* Info.plist */,
				DC9EB73624AD234400CF17F6 /* PlanetaCell.swift */,
				DC7D098224BF3C4400C935B1 /* DetailViewController.swift */,
			);
			path = AulaPratica;
			sourceTree = "<group>";
		};
/* End PBXGroup section */

/* Begin PBXNativeTarget section */
		DC05017224A3DC45006E50A1 /* AulaPratica */ = {
			isa = PBXNativeTarget;
			buildConfigurationList = DC05018524A3DC51006E50A1 /* Build configuration list for PBXNativeTarget "AulaPratica" */;
			buildPhases = (
				DC05016F24A3DC45006E50A1 /* Sources */,
				DC05017024A3DC45006E50A1 /* Frameworks */,
				DC05017124A3DC45006E50A1 /* Resources */,
			);
			buildRules = (
			);
			dependencies = (
			);
			name = AulaPratica;
			productName = AulaPratica;
			productReference = DC05017324A3DC45006E50A1 /* AulaPratica.app */;
			productType = "com.apple.product-type.application";
		};
/* End PBXNativeTarget section */

/* Begin PBXProject section */
		DC05016B24A3DC44006E50A1 /* Project object */ = {
			isa = PBXProject;
			attributes = {
				LastSwiftUpdateCheck = 1020;
				LastUpgradeCheck = 1020;
				ORGANIZATIONNAME = Cotemig;
				TargetAttributes = {
					DC05017224A3DC45006E50A1 = {
						CreatedOnToolsVersion = 10.2.1;
					};
				};
			};
			buildConfigurationList = DC05016E24A3DC44006E50A1 /* Build configuration list for PBXProject "AulaPratica" */;
			compatibilityVersion = "Xcode 9.3";
			developmentRegion = en;
			hasScannedForEncodings = 0;
			knownRegions = (
				en,
				Base,
			);
			mainGroup = DC05016A24A3DC44006E50A1;
			productRefGroup = DC05017424A3DC45006E50A1 /* Products */;
			projectDirPath = "";
			projectRoot = "";
			targets = (
				DC05017224A3DC45006E50A1 /* AulaPratica */,
			);
		};
/* End PBXProject section */

/* Begin PBXResourcesBuildPhase section */
		DC05017124A3DC45006E50A1 /* Resources */ = {
			isa = PBXResourcesBuildPhase;
			buildActionMask = 2147483647;
			files = (
				DC05018124A3DC51006E50A1 /* LaunchScreen.storyboard in Resources */,
				DC05017E24A3DC51006E50A1 /* Assets.xcassets in Resources */,
				DC05017C24A3DC45006E50A1 /* Main.storyboard in Resources */,
			);
			runOnlyForDeploymentPostprocessing = 0;
		};
/* End PBXResourcesBuildPhase section */

/* Begin PBXSourcesBuildPhase section */
		DC05016F24A3DC45006E50A1 /* Sources */ = {
			isa = PBXSourcesBuildPhase;
			buildActionMask = 2147483647;
			files = (
				DC05017924A3DC45006E50A1 /* ViewController.swift in Sources */,
				DC05017724A3DC45006E50A1 /* AppDelegate.swift in Sources */,
				DC9EB73724AD234400CF17F6 /* PlanetaCell.swift in Sources */,
				DC7D098324BF3C4400C935B1 /* DetailViewController.swift in Sources */,
			);
			runOnlyForDeploymentPostprocessing = 0;
		};
/* End PBXSourcesBuildPhase section */

/* Begin PBXVariantGroup section */
		DC05017A24A3DC45006E50A1 /* Main.storyboard */ = {
			isa = PBXVariantGroup;
			children = (
				DC05017B24A3DC45006E50A1 /* Base */,
			);
			name = Main.storyboard;
			sourceTree = "<group>";
		};
		DC05017F24A3DC51006E50A1 /* LaunchScreen.storyboard */ = {
			isa = PBXVariantGroup;
			children = (
				DC05018024A3DC51006E50A1 /* Base */,
			);
			name = LaunchScreen.storyboard;
			sourceTree = "<group>";
		};
/* End PBXVariantGroup section */

/* Begin XCBuildConfiguration section */
		DC05018324A3DC51006E50A1 /* Debug */ = {
			isa = XCBuildConfiguration;
			buildSettings = {
				ALWAYS_SEARCH_USER_PATHS = NO;
				CLANG_ANALYZER_NONNULL = YES;
				CLANG_ANALYZER_NUMBER_OBJECT_CONVERSION = YES_AGGRESSIVE;
				CLANG_CXX_LANGUAGE_STANDARD = "gnu++14";
				CLANG_CXX_LIBRARY = "libc++";
				CLANG_ENABLE_MODULES = YES;
				CLANG_ENABLE_OBJC_ARC = YES;
				CLANG_ENABLE_OBJC_WEAK = YES;
				CLANG_WARN_BLOCK_CAPTURE_AUTORELEASING = YES;
				CLANG_WARN_BOOL_CONVERSION = YES;
				CLANG_WARN_COMMA = YES;
				CLANG_WARN_CONSTANT_CONVERSION = YES;
				CLANG_WARN_DEPRECATED_OBJC_IMPLEMENTATIONS = YES;
				CLANG_WARN_DIRECT_OBJC_ISA_USAGE = YES_ERROR;
				CLANG_WARN_DOCUMENTATION_COMMENTS = YES;
				CLANG_WARN_EMPTY_BODY = YES;
				CLANG_WARN_ENUM_CONVERSION = YES;
				CLANG_WARN_INFINITE_RECURSION = YES;
				CLANG_WARN_INT_CONVERSION = YES;
				CLANG_WARN_NON_LITERAL_NULL_CONVERSION = YES;
				CLANG_WARN_OBJC_IMPLICIT_RETAIN_SELF = YES;
				CLANG_WARN_OBJC_LITERAL_CONVERSION = YES;
				CLANG_WARN_OBJC_ROOT_CLASS = YES_ERROR;
				CLANG_WARN_RANGE_LOOP_ANALYSIS = YES;
				CLANG_WARN_STRICT_PROTOTYPES = YES;
				CLANG_WARN_SUSPICIOUS_MOVE = YES;
				CLANG_WARN_UNGUARDED_AVAILABILITY = YES_AGGRESSIVE;
				CLANG_WARN_UNREACHABLE_CODE = YES;
				CLANG_WARN__DUPLICATE_METHOD_MATCH = YES;
				CODE_SIGN_IDENTITY = "iPhone Developer";
				COPY_PHASE_STRIP = NO;
				DEBUG_INFORMATION_FORMAT = dwarf;
				ENABLE_STRICT_OBJC_MSGSEND = YES;
				ENABLE_TESTABILITY = YES;
				GCC_C_LANGUAGE_STANDARD = gnu11;
				GCC_DYNAMIC_NO_PIC = NO;
				GCC_NO_COMMON_BLOCKS = YES;
				GCC_OPTIMIZATION_LEVEL = 0;
				GCC_PREPROCESSOR_DEFINITIONS = (
					"DEBUG=1",
					"$(inherited)",
				);
				GCC_WARN_64_TO_32_BIT_CONVERSION = YES;
				GCC_WARN_ABOUT_RETURN_TYPE = YES_ERROR;
				GCC_WARN_UNDECLARED_SELECTOR = YES;
				GCC_WARN_UNINITIALIZED_AUTOS = YES_AGGRESSIVE;
				GCC_WARN_UNUSED_FUNCTION = YES;
				GCC_WARN_UNUSED_VARIABLE = YES;
				IPHONEOS_DEPLOYMENT_TARGET = 12.2;
				MTL_ENABLE_DEBUG_INFO = INCLUDE_SOURCE;
				MTL_FAST_MATH = YES;
				ONLY_ACTIVE_ARCH = YES;
				SDKROOT = iphoneos;
				SWIFT_ACTIVE_COMPILATION_CONDITIONS = DEBUG;
				SWIFT_OPTIMIZATION_LEVEL = "-Onone";
			};
			name = Debug;
		};
		DC05018424A3DC51006E50A1 /* Release */ = {
			isa = XCBuildConfiguration;
			buildSettings = {
				ALWAYS_SEARCH_USER_PATHS = NO;
				CLANG_ANALYZER_NONNULL = YES;
				CLANG_ANALYZER_NUMBER_OBJECT_CONVERSION = YES_AGGRESSIVE;
				CLANG_CXX_LANGUAGE_STANDARD = "gnu++14";
				CLANG_CXX_LIBRARY = "libc++";
				CLANG_ENABLE_MODULES = YES;
				CLANG_ENABLE_OBJC_ARC = YES;
				CLANG_ENABLE_OBJC_WEAK = YES;
				CLANG_WARN_BLOCK_CAPTURE_AUTORELEASING = YES;
				CLANG_WARN_BOOL_CONVERSION = YES;
				CLANG_WARN_COMMA = YES;
				CLANG_WARN_CONSTANT_CONVERSION = YES;
				CLANG_WARN_DEPRECATED_OBJC_IMPLEMENTATIONS = YES;
				CLANG_WARN_DIRECT_OBJC_ISA_USAGE = YES_ERROR;
				CLANG_WARN_DOCUMENTATION_COMMENTS = YES;
				CLANG_WARN_EMPTY_BODY = YES;
				CLANG_WARN_ENUM_CONVERSION = YES;
				CLANG_WARN_INFINITE_RECURSION = YES;
				CLANG_WARN_INT_CONVERSION = YES;
				CLANG_WARN_NON_LITERAL_NULL_CONVERSION = YES;
				CLANG_WARN_OBJC_IMPLICIT_RETAIN_SELF = YES;
				CLANG_WARN_OBJC_LITERAL_CONVERSION = YES;
				CLANG_WARN_OBJC_ROOT_CLASS = YES_ERROR;
				CLANG_WARN_RANGE_LOOP_ANALYSIS = YES;
				CLANG_WARN_STRICT_PROTOTYPES = YES;
				CLANG_WARN_SUSPICIOUS_MOVE = YES;
				CLANG_WARN_UNGUARDED_AVAILABILITY = YES_AGGRESSIVE;
				CLANG_WARN_UNREACHABLE_CODE = YES;
				CLANG_WARN__DUPLICATE_METHOD_MATCH = YES;
				CODE_SIGN_IDENTITY = "iPhone Developer";
				COPY_PHASE_STRIP = NO;
				DEBUG_INFORMATION_FORMAT = "dwarf-with-dsym";
				ENABLE_NS_ASSERTIONS = NO;
				ENABLE_STRICT_OBJC_MSGSEND = YES;
				GCC_C_LANGUAGE_STANDARD = gnu11;
				GCC_NO_COMMON_BLOCKS = YES;
				GCC_WARN_64_TO_32_BIT_CONVERSION = YES;
				GCC_WARN_ABOUT_RETURN_TYPE = YES_ERROR;
				GCC_WARN_UNDECLARED_SELECTOR = YES;
				GCC_WARN_UNINITIALIZED_AUTOS = YES_AGGRESSIVE;
				GCC_WARN_UNUSED_FUNCTION = YES;
				GCC_WARN_UNUSED_VARIABLE = YES;
				IPHONEOS_DEPLOYMENT_TARGET = 12.2;
				MTL_ENABLE_DEBUG_INFO = NO;
				MTL_FAST_MATH = YES;
				SDKROOT = iphoneos;
				SWIFT_COMPILATION_MODE = wholemodule;
				SWIFT_OPTIMIZATION_LEVEL = "-O";
				VALIDATE_PRODUCT = YES;
			};
			name = Release;
		};
		DC05018624A3DC51006E50A1 /* Debug */ = {
			isa = XCBuildConfiguration;
			buildSettings = {
				ASSETCATALOG_COMPILER_APPICON_NAME = AppIcon;
				CODE_SIGN_STYLE = Automatic;
				INFOPLIST_FILE = AulaPratica/Info.plist;
				LD_RUNPATH_SEARCH_PATHS = (
					"$(inherited)",
					"@executable_path/Frameworks",
				);
				PRODUCT_BUNDLE_IDENTIFIER = br.com.cotemig.AulaPratica;
				PRODUCT_NAME = "$(TARGET_NAME)";
				SWIFT_VERSION = 5.0;
				TARGETED_DEVICE_FAMILY = "1,2";
			};
			name = Debug;
		};
		DC05018724A3DC51006E50A1 /* Release */ = {
			isa = XCBuildConfiguration;
			buildSettings = {
				ASSETCATALOG_COMPILER_APPICON_NAME = AppIcon;
				CODE_SIGN_STYLE = Automatic;
				INFOPLIST_FILE = AulaPratica/Info.plist;
				LD_RUNPATH_SEARCH_PATHS = (
					"$(inherited)",
					"@executable_path/Frameworks",
				);
				PRODUCT_BUNDLE_IDENTIFIER = br.com.cotemig.AulaPratica;
				PRODUCT_NAME = "$(TARGET_NAME)";
				SWIFT_VERSION = 5.0;
				TARGETED_DEVICE_FAMILY = "1,2";
			};
			name = Release;
		};
/* End XCBuildConfiguration section */

/* Begin XCConfigurationList section */
		DC05016E24A3DC44006E50A1 /* Build configuration list for PBXProject "AulaPratica" */ = {
			isa = XCConfigurationList;
			buildConfigurations = (
				DC05018324A3DC51006E50A1 /* Debug */,
				DC05018424A3DC51006E50A1 /* Release */,
			);
			defaultConfigurationIsVisible = 0;
			defaultConfigurationName = Release;
		};
		DC05018524A3DC51006E50A1 /* Build configuration list for PBXNativeTarget "AulaPratica" */ = {
			isa = XCConfigurationList;
			buildConfigurations = (
				DC05018624A3DC51006E50A1 /* Debug */,
				DC05018724A3DC51006E50A1 /* Release */,
			);
			defaultConfigurationIsVisible = 0;
			defaultConfigurationName = Release;
		};
/* End XCConfigurationList section */
	};
	rootObject = DC05016B24A3DC44006E50A1 /* Project object */;
}
